
Microsoft Visual Studio Solution File, Format Version 12.00
# Visual Studio 2012
Project("{F184B08F-C81C-45F6-A57F-5ABD9991F28F}") = "SnagRFormsData", "SnagRFormsData.vbproj", "{AFB2F1E3-7557-48B5-A244-3308C0CCFE9D}"
EndProject
Global
	GlobalSection(SolutionConfigurationPlatforms) = preSolution
		Debug|Any CPU = Debug|Any CPU
		Release|Any CPU = Release|Any CPU
	EndGlobalSection
	GlobalSection(ProjectConfigurationPlatforms) = postSolution
		{AFB2F1E3-7557-48B5-A244-3308C0CCFE9D}.Debug|Any CPU.ActiveCfg = Debug|Any CPU
		{AFB2F1E3-7557-48B5-A244-3308C0CCFE9D}.Debug|Any CPU.Build.0 = Debug|Any CPU
		{AFB2F1E3-7557-48B5-A244-3308C0CCFE9D}.Release|Any CPU.ActiveCfg = Release|Any CPU
		{AFB2F1E3-7557-48B5-A244-3308C0CCFE9D}.Release|Any CPU.Build.0 = Release|Any CPU
	EndGlobalSection
	GlobalSection(SolutionProperties) = preSolution
		HideSolutionNode = FALSE
	EndGlobalSection
EndGlobal
